{
  "version": 4,
  "terraform_version": "1.8.1",
  "serial": 6,
  "lineage": "472fd5fd-6112-8072-b716-9c22a74a7ecc",
  "outputs": {},
  "resources": [
    {
      "mode": "managed",
      "type": "helm_release",
      "name": "grafana",
      "provider": "provider[\"registry.terraform.io/hashicorp/helm\"]",
      "instances": [
        {
          "schema_version": 1,
          "attributes": {
            "atomic": false,
            "chart": "grafana",
            "cleanup_on_fail": false,
            "create_namespace": true,
            "dependency_update": false,
            "description": null,
            "devel": null,
            "disable_crd_hooks": false,
            "disable_openapi_validation": false,
            "disable_webhooks": false,
            "force_update": false,
            "id": "grafana",
            "keyring": null,
            "lint": false,
            "manifest": null,
            "max_history": 0,
            "metadata": [
              {
                "app_version": "10.1.5",
                "chart": "grafana",
                "name": "grafana",
                "namespace": "monitoring",
                "revision": 1,
                "values": "{\"adminPassword\":\"devops123\",\"adminUser\":\"admin\"}",
                "version": "6.60.6"
              }
            ],
            "name": "grafana",
            "namespace": "monitoring",
            "pass_credentials": false,
            "postrender": [],
            "recreate_pods": false,
            "render_subchart_notes": true,
            "replace": false,
            "repository": "https://grafana.github.io/helm-charts",
            "repository_ca_file": null,
            "repository_cert_file": null,
            "repository_key_file": null,
            "repository_password": null,
            "repository_username": null,
            "reset_values": false,
            "reuse_values": false,
            "set": [],
            "set_list": [],
            "set_sensitive": [],
            "skip_crds": false,
            "status": "deployed",
            "timeout": 300,
            "values": [
              "---\nadminUser: admin\nadminPassword: devops123\n"
            ],
            "verify": false,
            "version": "6.60.6",
            "wait": true,
            "wait_for_jobs": false
          },
          "sensitive_attributes": [
            [
              {
                "type": "get_attr",
                "value": "repository_password"
              }
            ]
          ],
          "private": "eyJzY2hlbWFfdmVyc2lvbiI6IjEifQ=="
        }
      ]
    },
    {
      "mode": "managed",
      "type": "helm_release",
      "name": "tempo",
      "provider": "provider[\"registry.terraform.io/hashicorp/helm\"]",
      "instances": [
        {
          "schema_version": 1,
          "attributes": {
            "atomic": false,
            "chart": "tempo",
            "cleanup_on_fail": false,
            "create_namespace": true,
            "dependency_update": false,
            "description": null,
            "devel": null,
            "disable_crd_hooks": false,
            "disable_openapi_validation": false,
            "disable_webhooks": false,
            "force_update": false,
            "id": "tempo",
            "keyring": null,
            "lint": false,
            "manifest": null,
            "max_history": 0,
            "metadata": [
              {
                "app_version": "2.2.3",
                "chart": "tempo",
                "name": "tempo",
                "namespace": "monitoring",
                "revision": 1,
                "values": "{\"datasources\":{\"datasources.yaml\":{\"apiVersion\":1,\"datasources\":[{\"access\":\"proxy\",\"apiVersion\":1,\"basicAuth\":false,\"editable\":false,\"isDefault\":true,\"name\":\"Tempo\",\"orgId\":1,\"type\":\"tempo\",\"uid\":\"tempo\",\"url\":\"http://tempo:3100\",\"version\":1}]}},\"env\":{\"GF_AUTH_ANONYMOUS_ENABLED\":true,\"GF_AUTH_ANONYMOUS_ORG_ROLE\":\"Admin\",\"GF_AUTH_DISABLE_LOGIN_FORM\":true}}",
                "version": "1.6.2"
              }
            ],
            "name": "tempo",
            "namespace": "monitoring",
            "pass_credentials": false,
            "postrender": [],
            "recreate_pods": false,
            "render_subchart_notes": true,
            "replace": false,
            "repository": "https://grafana.github.io/helm-charts",
            "repository_ca_file": null,
            "repository_cert_file": null,
            "repository_key_file": null,
            "repository_password": null,
            "repository_username": null,
            "reset_values": false,
            "reuse_values": false,
            "set": [],
            "set_list": [],
            "set_sensitive": [],
            "skip_crds": false,
            "status": "deployed",
            "timeout": 300,
            "values": [
              "---\nenv:\n  GF_AUTH_ANONYMOUS_ENABLED: true\n  GF_AUTH_ANONYMOUS_ORG_ROLE: \"Admin\"\n  GF_AUTH_DISABLE_LOGIN_FORM: true\n\ndatasources:\n  datasources.yaml:\n    apiVersion: 1\n\n    datasources:\n      - name: Tempo\n        type: tempo\n        access: proxy\n        orgId: 1\n        url: http://tempo:3100\n        basicAuth: false\n        isDefault: true\n        version: 1\n        editable: false\n        apiVersion: 1\n        uid: tempo\n"
            ],
            "verify": false,
            "version": "1.6.2",
            "wait": true,
            "wait_for_jobs": false
          },
          "sensitive_attributes": [
            [
              {
                "type": "get_attr",
                "value": "repository_password"
              }
            ]
          ],
          "private": "eyJzY2hlbWFfdmVyc2lvbiI6IjEifQ=="
        }
      ]
    }
  ],
  "check_results": null
}
